
Microsoft Visual Studio Solution File, Format Version 12.00
# Visual Studio Version 16
VisualStudioVersion = 16.0.30804.86
MinimumVisualStudioVersion = 10.0.40219.1
Project("{FAE04EC0-301F-11D3-BF4B-00C04F79EFBC}") = "RacingGame", "RacingGame.csproj", "{FE753546-E67B-472F-A8EE-AE97F759B7A0}"
EndProject
Global
	GlobalSection(SolutionConfigurationPlatforms) = preSolution
		Debug|Any CPU = Debug|Any CPU
		Release|Any CPU = Release|Any CPU
	EndGlobalSection
	GlobalSection(ProjectConfigurationPlatforms) = postSolution
		{FE753546-E67B-472F-A8EE-AE97F759B7A0}.Debug|Any CPU.ActiveCfg = Debug|Any CPU
		{FE753546-E67B-472F-A8EE-AE97F759B7A0}.Debug|Any CPU.Build.0 = Debug|Any CPU
		{FE753546-E67B-472F-A8EE-AE97F759B7A0}.Release|Any CPU.ActiveCfg = Release|Any CPU
		{FE753546-E67B-472F-A8EE-AE97F759B7A0}.Release|Any CPU.Build.0 = Release|Any CPU
	EndGlobalSection
	GlobalSection(SolutionProperties) = preSolution
		HideSolutionNode = FALSE
	EndGlobalSection
	GlobalSection(ExtensibilityGlobals) = postSolution
		SolutionGuid = {89C2D808-E55C-4512-AC4A-D6856BDF96CF}
	EndGlobalSection
EndGlobal
